// !$*UTF8*$!
{
	archiveVersion = 1;
	classes = {
	};
	objectVersion = 46;
	objects = {

/* Begin PBXBuildFile section */
		81EBDA14F9F7105B49AE33ED /* libPods.a in Frameworks */ = {isa = PBXBuildFile; fileRef = 89294D3CEFF053C426901946 /* libPods.a */; };
		862F95EF1CD067DD00957765 /* GFNavigationView.m in Sources */ = {isa = PBXBuildFile; fileRef = 862F95EE1CD067DD00957765 /* GFNavigationView.m */; };
		86853FB61CD050A000730D51 /* GFSignInViewController.m in Sources */ = {isa = PBXBuildFile; fileRef = 86853FB51CD050A000730D51 /* GFSignInViewController.m */; };
		86853FB91CD050BB00730D51 /* GFSignUpViewController.m in Sources */ = {isa = PBXBuildFile; fileRef = 86853FB81CD050BB00730D51 /* GFSignUpViewController.m */; };
		86853FBC1CD050E100730D51 /* GFForgetPasswordViewController.m in Sources */ = {isa = PBXBuildFile; fileRef = 86853FBB1CD050E100730D51 /* GFForgetPasswordViewController.m */; };
		86853FC21CD055E400730D51 /* GFTextFieldView.m in Sources */ = {isa = PBXBuildFile; fileRef = 86853FC11CD055E400730D51 /* GFTextFieldView.m */; };
		86CD469D1CCF52930049F795 /* GFHttpTool.m in Sources */ = {isa = PBXBuildFile; fileRef = 86CD469C1CCF52930049F795 /* GFHttpTool.m */; };
		86CD46A41CCF540D0049F795 /* Reachability.m in Sources */ = {isa = PBXBuildFile; fileRef = 86CD46A31CCF540D0049F795 /* Reachability.m */; };
		86CD46A71CCF65E90049F795 /* GFTipView.m in Sources */ = {isa = PBXBuildFile; fileRef = 86CD46A61CCF65E90049F795 /* GFTipView.m */; };
		86E0FF981CD1978B0020B3B5 /* GFVerifyViewController.m in Sources */ = {isa = PBXBuildFile; fileRef = 86E0FF971CD1978B0020B3B5 /* GFVerifyViewController.m */; };
		86ECD0251CD1EAEB00EEE20B /* GFDelegateViewController.m in Sources */ = {isa = PBXBuildFile; fileRef = 86ECD0241CD1EAEB00EEE20B /* GFDelegateViewController.m */; };
		86ECD0271CD1F3BD00EEE20B /* servicedelegate.html in Resources */ = {isa = PBXBuildFile; fileRef = 86ECD0261CD1F3BD00EEE20B /* servicedelegate.html */; };
		86ECD0291CD1F45000EEE20B /* ssbb.html in Resources */ = {isa = PBXBuildFile; fileRef = 86ECD0281CD1F45000EEE20B /* ssbb.html */; };
		86ECD02C1CD2084400EEE20B /* GFVerifyTool.m in Sources */ = {isa = PBXBuildFile; fileRef = 86ECD02B1CD2084400EEE20B /* GFVerifyTool.m */; };
		9B0EA9711CCF45BF00EAFFCD /* main.m in Sources */ = {isa = PBXBuildFile; fileRef = 9B0EA9701CCF45BF00EAFFCD /* main.m */; };
		9B0EA9741CCF45BF00EAFFCD /* AppDelegate.m in Sources */ = {isa = PBXBuildFile; fileRef = 9B0EA9731CCF45BF00EAFFCD /* AppDelegate.m */; };
		9B0EA9771CCF45BF00EAFFCD /* ViewController.m in Sources */ = {isa = PBXBuildFile; fileRef = 9B0EA9761CCF45BF00EAFFCD /* ViewController.m */; };
		9B0EA97A1CCF45BF00EAFFCD /* Main.storyboard in Resources */ = {isa = PBXBuildFile; fileRef = 9B0EA9781CCF45BF00EAFFCD /* Main.storyboard */; };
		9B0EA97C1CCF45BF00EAFFCD /* Assets.xcassets in Resources */ = {isa = PBXBuildFile; fileRef = 9B0EA97B1CCF45BF00EAFFCD /* Assets.xcassets */; };
		9B0EA97F1CCF45BF00EAFFCD /* LaunchScreen.storyboard in Resources */ = {isa = PBXBuildFile; fileRef = 9B0EA97D1CCF45BF00EAFFCD /* LaunchScreen.storyboard */; };
		9B0EA98A1CCF45BF00EAFFCD /* WiseCarUITests.m in Sources */ = {isa = PBXBuildFile; fileRef = 9B0EA9891CCF45BF00EAFFCD /* WiseCarUITests.m */; };
/* End PBXBuildFile section */

/* Begin PBXContainerItemProxy section */
		9B0EA9861CCF45BF00EAFFCD /* PBXContainerItemProxy */ = {
			isa = PBXContainerItemProxy;
			containerPortal = 9B0EA9641CCF45BF00EAFFCD /* Project object */;
			proxyType = 1;
			remoteGlobalIDString = 9B0EA96B1CCF45BF00EAFFCD;
			remoteInfo = WiseCar;
		};
/* End PBXContainerItemProxy section */

/* Begin PBXFileReference section */
		63DF350D6AC555C44B4BB010 /* Pods.debug.xcconfig */ = {isa = PBXFileReference; includeInIndex = 1; lastKnownFileType = text.xcconfig; name = Pods.debug.xcconfig; path = "Pods/Target Support Files/Pods/Pods.debug.xcconfig"; sourceTree = "<group>"; };
		80D29C5C342BE945FE81F972 /* Pods.release.xcconfig */ = {isa = PBXFileReference; includeInIndex = 1; lastKnownFileType = text.xcconfig; name = Pods.release.xcconfig; path = "Pods/Target Support Files/Pods/Pods.release.xcconfig"; sourceTree = "<group>"; };
		862F95ED1CD067DD00957765 /* GFNavigationView.h */ = {isa = PBXFileReference; fileEncoding = 4; lastKnownFileType = sourcecode.c.h; path = GFNavigationView.h; sourceTree = "<group>"; };
		862F95EE1CD067DD00957765 /* GFNavigationView.m */ = {isa = PBXFileReference; fileEncoding = 4; lastKnownFileType = sourcecode.c.objc; path = GFNavigationView.m; sourceTree = "<group>"; };
		86853FB41CD050A000730D51 /* GFSignInViewController.h */ = {isa = PBXFileReference; fileEncoding = 4; lastKnownFileType = sourcecode.c.h; path = GFSignInViewController.h; sourceTree = "<group>"; };
		86853FB51CD050A000730D51 /* GFSignInViewController.m */ = {isa = PBXFileReference; fileEncoding = 4; lastKnownFileType = sourcecode.c.objc; path = GFSignInViewController.m; sourceTree = "<group>"; };
		86853FB71CD050BB00730D51 /* GFSignUpViewController.h */ = {isa = PBXFileReference; fileEncoding = 4; lastKnownFileType = sourcecode.c.h; path = GFSignUpViewController.h; sourceTree = "<group>"; };
		86853FB81CD050BB00730D51 /* GFSignUpViewController.m */ = {isa = PBXFileReference; fileEncoding = 4; lastKnownFileType = sourcecode.c.objc; path = GFSignUpViewController.m; sourceTree = "<group>"; };
		86853FBA1CD050E100730D51 /* GFForgetPasswordViewController.h */ = {isa = PBXFileReference; fileEncoding = 4; lastKnownFileType = sourcecode.c.h; path = GFForgetPasswordViewController.h; sourceTree = "<group>"; };
		86853FBB1CD050E100730D51 /* GFForgetPasswordViewController.m */ = {isa = PBXFileReference; fileEncoding = 4; lastKnownFileType = sourcecode.c.objc; path = GFForgetPasswordViewController.m; sourceTree = "<group>"; };
		86853FC01CD055E400730D51 /* GFTextFieldView.h */ = {isa = PBXFileReference; fileEncoding = 4; lastKnownFileType = sourcecode.c.h; path = GFTextFieldView.h; sourceTree = "<group>"; };
		86853FC11CD055E400730D51 /* GFTextFieldView.m */ = {isa = PBXFileReference; fileEncoding = 4; lastKnownFileType = sourcecode.c.objc; path = GFTextFieldView.m; sourceTree = "<group>"; };
		86CD469B1CCF52930049F795 /* GFHttpTool.h */ = {isa = PBXFileReference; fileEncoding = 4; lastKnownFileType = sourcecode.c.h; path = GFHttpTool.h; sourceTree = "<group>"; };
		86CD469C1CCF52930049F795 /* GFHttpTool.m */ = {isa = PBXFileReference; fileEncoding = 4; lastKnownFileType = sourcecode.c.objc; path = GFHttpTool.m; sourceTree = "<group>"; };
		86CD46A21CCF540D0049F795 /* Reachability.h */ = {isa = PBXFileReference; fileEncoding = 4; lastKnownFileType = sourcecode.c.h; path = Reachability.h; sourceTree = "<group>"; };
		86CD46A31CCF540D0049F795 /* Reachability.m */ = {isa = PBXFileReference; fileEncoding = 4; lastKnownFileType = sourcecode.c.objc; path = Reachability.m; sourceTree = "<group>"; };
		86CD46A51CCF65E90049F795 /* GFTipView.h */ = {isa = PBXFileReference; fileEncoding = 4; lastKnownFileType = sourcecode.c.h; path = GFTipView.h; sourceTree = "<group>"; };
		86CD46A61CCF65E90049F795 /* GFTipView.m */ = {isa = PBXFileReference; fileEncoding = 4; lastKnownFileType = sourcecode.c.objc; path = GFTipView.m; sourceTree = "<group>"; };
		86E0FF961CD1978B0020B3B5 /* GFVerifyViewController.h */ = {isa = PBXFileReference; fileEncoding = 4; lastKnownFileType = sourcecode.c.h; path = GFVerifyViewController.h; sourceTree = "<group>"; };
		86E0FF971CD1978B0020B3B5 /* GFVerifyViewController.m */ = {isa = PBXFileReference; fileEncoding = 4; lastKnownFileType = sourcecode.c.objc; path = GFVerifyViewController.m; sourceTree = "<group>"; };
		86ECD0231CD1EAEB00EEE20B /* GFDelegateViewController.h */ = {isa = PBXFileReference; fileEncoding = 4; lastKnownFileType = sourcecode.c.h; path = GFDelegateViewController.h; sourceTree = "<group>"; };
		86ECD0241CD1EAEB00EEE20B /* GFDelegateViewController.m */ = {isa = PBXFileReference; fileEncoding = 4; lastKnownFileType = sourcecode.c.objc; path = GFDelegateViewController.m; sourceTree = "<group>"; };
		86ECD0261CD1F3BD00EEE20B /* servicedelegate.html */ = {isa = PBXFileReference; fileEncoding = 4; lastKnownFileType = text.html; path = servicedelegate.html; sourceTree = "<group>"; };
		86ECD0281CD1F45000EEE20B /* ssbb.html */ = {isa = PBXFileReference; fileEncoding = 4; lastKnownFileType = text.html; path = ssbb.html; sourceTree = "<group>"; };
		86ECD02A1CD2084400EEE20B /* GFVerifyTool.h */ = {isa = PBXFileReference; fileEncoding = 4; lastKnownFileType = sourcecode.c.h; path = GFVerifyTool.h; sourceTree = "<group>"; };
		86ECD02B1CD2084400EEE20B /* GFVerifyTool.m */ = {isa = PBXFileReference; fileEncoding = 4; lastKnownFileType = sourcecode.c.objc; path = GFVerifyTool.m; sourceTree = "<group>"; };
		89294D3CEFF053C426901946 /* libPods.a */ = {isa = PBXFileReference; explicitFileType = archive.ar; includeInIndex = 0; path = libPods.a; sourceTree = BUILT_PRODUCTS_DIR; };
		9B0EA96C1CCF45BF00EAFFCD /* WiseCar.app */ = {isa = PBXFileReference; explicitFileType = wrapper.application; includeInIndex = 0; path = WiseCar.app; sourceTree = BUILT_PRODUCTS_DIR; };
		9B0EA9701CCF45BF00EAFFCD /* main.m */ = {isa = PBXFileReference; lastKnownFileType = sourcecode.c.objc; path = main.m; sourceTree = "<group>"; };
		9B0EA9721CCF45BF00EAFFCD /* AppDelegate.h */ = {isa = PBXFileReference; lastKnownFileType = sourcecode.c.h; path = AppDelegate.h; sourceTree = "<group>"; };
		9B0EA9731CCF45BF00EAFFCD /* AppDelegate.m */ = {isa = PBXFileReference; lastKnownFileType = sourcecode.c.objc; path = AppDelegate.m; sourceTree = "<group>"; };
		9B0EA9751CCF45BF00EAFFCD /* ViewController.h */ = {isa = PBXFileReference; lastKnownFileType = sourcecode.c.h; path = ViewController.h; sourceTree = "<group>"; };
		9B0EA9761CCF45BF00EAFFCD /* ViewController.m */ = {isa = PBXFileReference; lastKnownFileType = sourcecode.c.objc; path = ViewController.m; sourceTree = "<group>"; };
		9B0EA9791CCF45BF00EAFFCD /* Base */ = {isa = PBXFileReference; lastKnownFileType = file.storyboard; name = Base; path = Base.lproj/Main.storyboard; sourceTree = "<group>"; };
		9B0EA97B1CCF45BF00EAFFCD /* Assets.xcassets */ = {isa = PBXFileReference; lastKnownFileType = folder.assetcatalog; path = Assets.xcassets; sourceTree = "<group>"; };
		9B0EA97E1CCF45BF00EAFFCD /* Base */ = {isa = PBXFileReference; lastKnownFileType = file.storyboard; name = Base; path = Base.lproj/LaunchScreen.storyboard; sourceTree = "<group>"; };
		9B0EA9801CCF45BF00EAFFCD /* Info.plist */ = {isa = PBXFileReference; lastKnownFileType = text.plist.xml; path = Info.plist; sourceTree = "<group>"; };
		9B0EA9851CCF45BF00EAFFCD /* WiseCarUITests.xctest */ = {isa = PBXFileReference; explicitFileType = wrapper.cfbundle; includeInIndex = 0; path = WiseCarUITests.xctest; sourceTree = BUILT_PRODUCTS_DIR; };
		9B0EA9891CCF45BF00EAFFCD /* WiseCarUITests.m */ = {isa = PBXFileReference; lastKnownFileType = sourcecode.c.objc; path = WiseCarUITests.m; sourceTree = "<group>"; };
		9B0EA98B1CCF45BF00EAFFCD /* Info.plist */ = {isa = PBXFileReference; lastKnownFileType = text.plist.xml; path = Info.plist; sourceTree = "<group>"; };
/* End PBXFileReference section */

/* Begin PBXFrameworksBuildPhase section */
		9B0EA9691CCF45BF00EAFFCD /* Frameworks */ = {
			isa = PBXFrameworksBuildPhase;
			buildActionMask = 2147483647;
			files = (
				81EBDA14F9F7105B49AE33ED /* libPods.a in Frameworks */,
			);
			runOnlyForDeploymentPostprocessing = 0;
		};
		9B0EA9821CCF45BF00EAFFCD /* Frameworks */ = {
			isa = PBXFrameworksBuildPhase;
			buildActionMask = 2147483647;
			files = (
			);
			runOnlyForDeploymentPostprocessing = 0;
		};
/* End PBXFrameworksBuildPhase section */

/* Begin PBXGroup section */
		1D7D8389D3F5E7D717451188 /* Frameworks */ = {
			isa = PBXGroup;
			children = (
				89294D3CEFF053C426901946 /* libPods.a */,
			);
			name = Frameworks;
			sourceTree = "<group>";
		};
		86CD46931CCF4C3F0049F795 /* Class */ = {
			isa = PBXGroup;
			children = (
				86CD469A1CCF511A0049F795 /* 网络请求 */,
				86CD46941CCF4C3F0049F795 /* ProClasses */,
				86CD46971CCF4C3F0049F795 /* 自定义控件 */,
				86CD46961CCF4C3F0049F795 /* 第三方库 */,
			);
			path = Class;
			sourceTree = "<group>";
		};
		86CD46941CCF4C3F0049F795 /* ProClasses */ = {
			isa = PBXGroup;
			children = (
				86CD46951CCF4C3F0049F795 /* 登录:注册 */,
			);
			path = ProClasses;
			sourceTree = "<group>";
		};
		86CD46951CCF4C3F0049F795 /* 登录:注册 */ = {
			isa = PBXGroup;
			children = (
				86853FB41CD050A000730D51 /* GFSignInViewController.h */,
				86853FB51CD050A000730D51 /* GFSignInViewController.m */,
				86E0FF961CD1978B0020B3B5 /* GFVerifyViewController.h */,
				86E0FF971CD1978B0020B3B5 /* GFVerifyViewController.m */,
				86853FB71CD050BB00730D51 /* GFSignUpViewController.h */,
				86853FB81CD050BB00730D51 /* GFSignUpViewController.m */,
				86ECD0261CD1F3BD00EEE20B /* servicedelegate.html */,
				86ECD0281CD1F45000EEE20B /* ssbb.html */,
				86853FBA1CD050E100730D51 /* GFForgetPasswordViewController.h */,
				86853FBB1CD050E100730D51 /* GFForgetPasswordViewController.m */,
				86ECD0231CD1EAEB00EEE20B /* GFDelegateViewController.h */,
				86ECD0241CD1EAEB00EEE20B /* GFDelegateViewController.m */,
			);
			path = "登录:注册";
			sourceTree = "<group>";
		};
		86CD46961CCF4C3F0049F795 /* 第三方库 */ = {
			isa = PBXGroup;
			children = (
			);
			path = "第三方库";
			sourceTree = "<group>";
		};
		86CD46971CCF4C3F0049F795 /* 自定义控件 */ = {
			isa = PBXGroup;
			children = (
				86CD46981CCF4C3F0049F795 /* CL自定义 */,
				86CD46991CCF4C3F0049F795 /* GF自定义 */,
			);
			path = "自定义控件";
			sourceTree = "<group>";
		};
		86CD46981CCF4C3F0049F795 /* CL自定义 */ = {
			isa = PBXGroup;
			children = (
			);
			path = "CL自定义";
			sourceTree = "<group>";
		};
		86CD46991CCF4C3F0049F795 /* GF自定义 */ = {
			isa = PBXGroup;
			children = (
				86CD46A51CCF65E90049F795 /* GFTipView.h */,
				86CD46A61CCF65E90049F795 /* GFTipView.m */,
				86853FC01CD055E400730D51 /* GFTextFieldView.h */,
				86853FC11CD055E400730D51 /* GFTextFieldView.m */,
				862F95ED1CD067DD00957765 /* GFNavigationView.h */,
				862F95EE1CD067DD00957765 /* GFNavigationView.m */,
				86ECD02A1CD2084400EEE20B /* GFVerifyTool.h */,
				86ECD02B1CD2084400EEE20B /* GFVerifyTool.m */,
			);
			path = "GF自定义";
			sourceTree = "<group>";
		};
		86CD469A1CCF511A0049F795 /* 网络请求 */ = {
			isa = PBXGroup;
			children = (
				86CD469B1CCF52930049F795 /* GFHttpTool.h */,
				86CD469C1CCF52930049F795 /* GFHttpTool.m */,
				86CD46A21CCF540D0049F795 /* Reachability.h */,
				86CD46A31CCF540D0049F795 /* Reachability.m */,
			);
			path = "网络请求";
			sourceTree = "<group>";
		};
		9B0EA9631CCF45BF00EAFFCD = {
			isa = PBXGroup;
			children = (
				9B0EA96E1CCF45BF00EAFFCD /* WiseCar */,
				9B0EA9881CCF45BF00EAFFCD /* WiseCarUITests */,
				9B0EA96D1CCF45BF00EAFFCD /* Products */,
				BD5E0B63FACCAF304F755D4B /* Pods */,
				1D7D8389D3F5E7D717451188 /* Frameworks */,
			);
			sourceTree = "<group>";
		};
		9B0EA96D1CCF45BF00EAFFCD /* Products */ = {
			isa = PBXGroup;
			children = (
				9B0EA96C1CCF45BF00EAFFCD /* WiseCar.app */,
				9B0EA9851CCF45BF00EAFFCD /* WiseCarUITests.xctest */,
			);
			name = Products;
			sourceTree = "<group>";
		};
		9B0EA96E1CCF45BF00EAFFCD /* WiseCar */ = {
			isa = PBXGroup;
			children = (
				9B0EA9721CCF45BF00EAFFCD /* AppDelegate.h */,
				9B0EA9731CCF45BF00EAFFCD /* AppDelegate.m */,
				9B0EA9751CCF45BF00EAFFCD /* ViewController.h */,
				9B0EA9761CCF45BF00EAFFCD /* ViewController.m */,
				86CD46931CCF4C3F0049F795 /* Class */,
				9B0EA9781CCF45BF00EAFFCD /* Main.storyboard */,
				9B0EA97B1CCF45BF00EAFFCD /* Assets.xcassets */,
				9B0EA97D1CCF45BF00EAFFCD /* LaunchScreen.storyboard */,
				9B0EA9801CCF45BF00EAFFCD /* Info.plist */,
				9B0EA96F1CCF45BF00EAFFCD /* Supporting Files */,
			);
			path = WiseCar;
			sourceTree = "<group>";
		};
		9B0EA96F1CCF45BF00EAFFCD /* Supporting Files */ = {
			isa = PBXGroup;
			children = (
				9B0EA9701CCF45BF00EAFFCD /* main.m */,
			);
			name = "Supporting Files";
			sourceTree = "<group>";
		};
		9B0EA9881CCF45BF00EAFFCD /* WiseCarUITests */ = {
			isa = PBXGroup;
			children = (
				9B0EA9891CCF45BF00EAFFCD /* WiseCarUITests.m */,
				9B0EA98B1CCF45BF00EAFFCD /* Info.plist */,
			);
			path = WiseCarUITests;
			sourceTree = "<group>";
		};
		BD5E0B63FACCAF304F755D4B /* Pods */ = {
			isa = PBXGroup;
			children = (
				63DF350D6AC555C44B4BB010 /* Pods.debug.xcconfig */,
				80D29C5C342BE945FE81F972 /* Pods.release.xcconfig */,
			);
			name = Pods;
			sourceTree = "<group>";
		};
/* End PBXGroup section */

/* Begin PBXNativeTarget section */
		9B0EA96B1CCF45BF00EAFFCD /* WiseCar */ = {
			isa = PBXNativeTarget;
			buildConfigurationList = 9B0EA98E1CCF45BF00EAFFCD /* Build configuration list for PBXNativeTarget "WiseCar" */;
			buildPhases = (
				A32B1E826480CF4AF221EE37 /* Check Pods Manifest.lock */,
				9B0EA9681CCF45BF00EAFFCD /* Sources */,
				9B0EA9691CCF45BF00EAFFCD /* Frameworks */,
				9B0EA96A1CCF45BF00EAFFCD /* Resources */,
				4523FE6F0AB8FFC87AA91D8C /* Embed Pods Frameworks */,
				8A5B3DB69DEAB4D76C00BB9A /* Copy Pods Resources */,
			);
			buildRules = (
			);
			dependencies = (
			);
			name = WiseCar;
			productName = WiseCar;
			productReference = 9B0EA96C1CCF45BF00EAFFCD /* WiseCar.app */;
			productType = "com.apple.product-type.application";
		};
		9B0EA9841CCF45BF00EAFFCD /* WiseCarUITests */ = {
			isa = PBXNativeTarget;
			buildConfigurationList = 9B0EA9911CCF45BF00EAFFCD /* Build configuration list for PBXNativeTarget "WiseCarUITests" */;
			buildPhases = (
				9B0EA9811CCF45BF00EAFFCD /* Sources */,
				9B0EA9821CCF45BF00EAFFCD /* Frameworks */,
				9B0EA9831CCF45BF00EAFFCD /* Resources */,
			);
			buildRules = (
			);
			dependencies = (
				9B0EA9871CCF45BF00EAFFCD /* PBXTargetDependency */,
			);
			name = WiseCarUITests;
			productName = WiseCarUITests;
			productReference = 9B0EA9851CCF45BF00EAFFCD /* WiseCarUITests.xctest */;
			productType = "com.apple.product-type.bundle.ui-testing";
		};
/* End PBXNativeTarget section */

/* Begin PBXProject section */
		9B0EA9641CCF45BF00EAFFCD /* Project object */ = {
			isa = PBXProject;
			attributes = {
				LastUpgradeCheck = 0720;
				ORGANIZATIONNAME = mll;
				TargetAttributes = {
					9B0EA96B1CCF45BF00EAFFCD = {
						CreatedOnToolsVersion = 7.2;
					};
					9B0EA9841CCF45BF00EAFFCD = {
						CreatedOnToolsVersion = 7.2;
						TestTargetID = 9B0EA96B1CCF45BF00EAFFCD;
					};
				};
			};
			buildConfigurationList = 9B0EA9671CCF45BF00EAFFCD /* Build configuration list for PBXProject "WiseCar" */;
			compatibilityVersion = "Xcode 3.2";
			developmentRegion = English;
			hasScannedForEncodings = 0;
			knownRegions = (
				en,
				Base,
			);
			mainGroup = 9B0EA9631CCF45BF00EAFFCD;
			productRefGroup = 9B0EA96D1CCF45BF00EAFFCD /* Products */;
			projectDirPath = "";
			projectRoot = "";
			targets = (
				9B0EA96B1CCF45BF00EAFFCD /* WiseCar */,
				9B0EA9841CCF45BF00EAFFCD /* WiseCarUITests */,
			);
		};
/* End PBXProject section */

/* Begin PBXResourcesBuildPhase section */
		9B0EA96A1CCF45BF00EAFFCD /* Resources */ = {
			isa = PBXResourcesBuildPhase;
			buildActionMask = 2147483647;
			files = (
				9B0EA97F1CCF45BF00EAFFCD /* LaunchScreen.storyboard in Resources */,
				9B0EA97C1CCF45BF00EAFFCD /* Assets.xcassets in Resources */,
				9B0EA97A1CCF45BF00EAFFCD /* Main.storyboard in Resources */,
				86ECD0271CD1F3BD00EEE20B /* servicedelegate.html in Resources */,
				86ECD0291CD1F45000EEE20B /* ssbb.html in Resources */,
			);
			runOnlyForDeploymentPostprocessing = 0;
		};
		9B0EA9831CCF45BF00EAFFCD /* Resources */ = {
			isa = PBXResourcesBuildPhase;
			buildActionMask = 2147483647;
			files = (
			);
			runOnlyForDeploymentPostprocessing = 0;
		};
/* End PBXResourcesBuildPhase section */

/* Begin PBXShellScriptBuildPhase section */
		4523FE6F0AB8FFC87AA91D8C /* Embed Pods Frameworks */ = {
			isa = PBXShellScriptBuildPhase;
			buildActionMask = 2147483647;
			files = (
			);
			inputPaths = (
			);
			name = "Embed Pods Frameworks";
			outputPaths = (
			);
			runOnlyForDeploymentPostprocessing = 0;
			shellPath = /bin/sh;
			shellScript = "\"${SRCROOT}/Pods/Target Support Files/Pods/Pods-frameworks.sh\"\n";
			showEnvVarsInLog = 0;
		};
		8A5B3DB69DEAB4D76C00BB9A /* Copy Pods Resources */ = {
			isa = PBXShellScriptBuildPhase;
			buildActionMask = 2147483647;
			files = (
			);
			inputPaths = (
			);
			name = "Copy Pods Resources";
			outputPaths = (
			);
			runOnlyForDeploymentPostprocessing = 0;
			shellPath = /bin/sh;
			shellScript = "\"${SRCROOT}/Pods/Target Support Files/Pods/Pods-resources.sh\"\n";
			showEnvVarsInLog = 0;
		};
		A32B1E826480CF4AF221EE37 /* Check Pods Manifest.lock */ = {
			isa = PBXShellScriptBuildPhase;
			buildActionMask = 2147483647;
			files = (
			);
			inputPaths = (
			);
			name = "Check Pods Manifest.lock";
			outputPaths = (
			);
			runOnlyForDeploymentPostprocessing = 0;
			shellPath = /bin/sh;
			shellScript = "diff \"${PODS_ROOT}/../Podfile.lock\" \"${PODS_ROOT}/Manifest.lock\" > /dev/null\nif [[ $? != 0 ]] ; then\n    cat << EOM\nerror: The sandbox is not in sync with the Podfile.lock. Run 'pod install' or update your CocoaPods installation.\nEOM\n    exit 1\nfi\n";
			showEnvVarsInLog = 0;
		};
/* End PBXShellScriptBuildPhase section */

/* Begin PBXSourcesBuildPhase section */
		9B0EA9681CCF45BF00EAFFCD /* Sources */ = {
			isa = PBXSourcesBuildPhase;
			buildActionMask = 2147483647;
			files = (
				9B0EA9771CCF45BF00EAFFCD /* ViewController.m in Sources */,
				86853FC21CD055E400730D51 /* GFTextFieldView.m in Sources */,
				86CD46A71CCF65E90049F795 /* GFTipView.m in Sources */,
				86ECD02C1CD2084400EEE20B /* GFVerifyTool.m in Sources */,
				9B0EA9741CCF45BF00EAFFCD /* AppDelegate.m in Sources */,
				86CD469D1CCF52930049F795 /* GFHttpTool.m in Sources */,
				86853FB61CD050A000730D51 /* GFSignInViewController.m in Sources */,
				86ECD0251CD1EAEB00EEE20B /* GFDelegateViewController.m in Sources */,
				86853FB91CD050BB00730D51 /* GFSignUpViewController.m in Sources */,
				9B0EA9711CCF45BF00EAFFCD /* main.m in Sources */,
				86E0FF981CD1978B0020B3B5 /* GFVerifyViewController.m in Sources */,
				86853FBC1CD050E100730D51 /* GFForgetPasswordViewController.m in Sources */,
				862F95EF1CD067DD00957765 /* GFNavigationView.m in Sources */,
				86CD46A41CCF540D0049F795 /* Reachability.m in Sources */,
			);
			runOnlyForDeploymentPostprocessing = 0;
		};
		9B0EA9811CCF45BF00EAFFCD /* Sources */ = {
			isa = PBXSourcesBuildPhase;
			buildActionMask = 2147483647;
			files = (
				9B0EA98A1CCF45BF00EAFFCD /* WiseCarUITests.m in Sources */,
			);
			runOnlyForDeploymentPostprocessing = 0;
		};
/* End PBXSourcesBuildPhase section */

/* Begin PBXTargetDependency section */
		9B0EA9871CCF45BF00EAFFCD /* PBXTargetDependency */ = {
			isa = PBXTargetDependency;
			target = 9B0EA96B1CCF45BF00EAFFCD /* WiseCar */;
			targetProxy = 9B0EA9861CCF45BF00EAFFCD /* PBXContainerItemProxy */;
		};
/* End PBXTargetDependency section */

/* Begin PBXVariantGroup section */
		9B0EA9781CCF45BF00EAFFCD /* Main.storyboard */ = {
			isa = PBXVariantGroup;
			children = (
				9B0EA9791CCF45BF00EAFFCD /* Base */,
			);
			name = Main.storyboard;
			sourceTree = "<group>";
		};
		9B0EA97D1CCF45BF00EAFFCD /* LaunchScreen.storyboard */ = {
			isa = PBXVariantGroup;
			children = (
				9B0EA97E1CCF45BF00EAFFCD /* Base */,
			);
			name = LaunchScreen.storyboard;
			sourceTree = "<group>";
		};
/* End PBXVariantGroup section */

/* Begin XCBuildConfiguration section */
		9B0EA98C1CCF45BF00EAFFCD /* Debug */ = {
			isa = XCBuildConfiguration;
			buildSettings = {
				ALWAYS_SEARCH_USER_PATHS = NO;
				CLANG_CXX_LANGUAGE_STANDARD = "gnu++0x";
				CLANG_CXX_LIBRARY = "libc++";
				CLANG_ENABLE_MODULES = YES;
				CLANG_ENABLE_OBJC_ARC = YES;
				CLANG_WARN_BOOL_CONVERSION = YES;
				CLANG_WARN_CONSTANT_CONVERSION = YES;
				CLANG_WARN_DIRECT_OBJC_ISA_USAGE = YES_ERROR;
				CLANG_WARN_EMPTY_BODY = YES;
				CLANG_WARN_ENUM_CONVERSION = YES;
				CLANG_WARN_INT_CONVERSION = YES;
				CLANG_WARN_OBJC_ROOT_CLASS = YES_ERROR;
				CLANG_WARN_UNREACHABLE_CODE = YES;
				CLANG_WARN__DUPLICATE_METHOD_MATCH = YES;
				"CODE_SIGN_IDENTITY[sdk=iphoneos*]" = "iPhone Developer";
				COPY_PHASE_STRIP = NO;
				DEBUG_INFORMATION_FORMAT = dwarf;
				ENABLE_STRICT_OBJC_MSGSEND = YES;
				ENABLE_TESTABILITY = YES;
				GCC_C_LANGUAGE_STANDARD = gnu99;
				GCC_DYNAMIC_NO_PIC = NO;
				GCC_NO_COMMON_BLOCKS = YES;
				GCC_OPTIMIZATION_LEVEL = 0;
				GCC_PREPROCESSOR_DEFINITIONS = (
					"DEBUG=1",
					"$(inherited)",
				);
				GCC_WARN_64_TO_32_BIT_CONVERSION = YES;
				GCC_WARN_ABOUT_RETURN_TYPE = YES_ERROR;
				GCC_WARN_UNDECLARED_SELECTOR = YES;
				GCC_WARN_UNINITIALIZED_AUTOS = YES_AGGRESSIVE;
				GCC_WARN_UNUSED_FUNCTION = YES;
				GCC_WARN_UNUSED_VARIABLE = YES;
				IPHONEOS_DEPLOYMENT_TARGET = 9.2;
				MTL_ENABLE_DEBUG_INFO = YES;
				ONLY_ACTIVE_ARCH = YES;
				SDKROOT = iphoneos;
				TARGETED_DEVICE_FAMILY = "1,2";
			};
			name = Debug;
		};
		9B0EA98D1CCF45BF00EAFFCD /* Release */ = {
			isa = XCBuildConfiguration;
			buildSettings = {
				ALWAYS_SEARCH_USER_PATHS = NO;
				CLANG_CXX_LANGUAGE_STANDARD = "gnu++0x";
				CLANG_CXX_LIBRARY = "libc++";
				CLANG_ENABLE_MODULES = YES;
				CLANG_ENABLE_OBJC_ARC = YES;
				CLANG_WARN_BOOL_CONVERSION = YES;
				CLANG_WARN_CONSTANT_CONVERSION = YES;
				CLANG_WARN_DIRECT_OBJC_ISA_USAGE = YES_ERROR;
				CLANG_WARN_EMPTY_BODY = YES;
				CLANG_WARN_ENUM_CONVERSION = YES;
				CLANG_WARN_INT_CONVERSION = YES;
				CLANG_WARN_OBJC_ROOT_CLASS = YES_ERROR;
				CLANG_WARN_UNREACHABLE_CODE = YES;
				CLANG_WARN__DUPLICATE_METHOD_MATCH = YES;
				"CODE_SIGN_IDENTITY[sdk=iphoneos*]" = "iPhone Developer";
				COPY_PHASE_STRIP = NO;
				DEBUG_INFORMATION_FORMAT = "dwarf-with-dsym";
				ENABLE_NS_ASSERTIONS = NO;
				ENABLE_STRICT_OBJC_MSGSEND = YES;
				GCC_C_LANGUAGE_STANDARD = gnu99;
				GCC_NO_COMMON_BLOCKS = YES;
				GCC_WARN_64_TO_32_BIT_CONVERSION = YES;
				GCC_WARN_ABOUT_RETURN_TYPE = YES_ERROR;
				GCC_WARN_UNDECLARED_SELECTOR = YES;
				GCC_WARN_UNINITIALIZED_AUTOS = YES_AGGRESSIVE;
				GCC_WARN_UNUSED_FUNCTION = YES;
				GCC_WARN_UNUSED_VARIABLE = YES;
				IPHONEOS_DEPLOYMENT_TARGET = 9.2;
				MTL_ENABLE_DEBUG_INFO = NO;
				SDKROOT = iphoneos;
				TARGETED_DEVICE_FAMILY = "1,2";
				VALIDATE_PRODUCT = YES;
			};
			name = Release;
		};
		9B0EA98F1CCF45BF00EAFFCD /* Debug */ = {
			isa = XCBuildConfiguration;
			baseConfigurationReference = 63DF350D6AC555C44B4BB010 /* Pods.debug.xcconfig */;
			buildSettings = {
				ASSETCATALOG_COMPILER_APPICON_NAME = AppIcon;
				INFOPLIST_FILE = WiseCar/Info.plist;
				LD_RUNPATH_SEARCH_PATHS = "$(inherited) @executable_path/Frameworks";
				PRODUCT_BUNDLE_IDENTIFIER = IC.WiseCar;
				PRODUCT_NAME = "$(TARGET_NAME)";
			};
			name = Debug;
		};
		9B0EA9901CCF45BF00EAFFCD /* Release */ = {
			isa = XCBuildConfiguration;
			baseConfigurationReference = 80D29C5C342BE945FE81F972 /* Pods.release.xcconfig */;
			buildSettings = {
				ASSETCATALOG_COMPILER_APPICON_NAME = AppIcon;
				INFOPLIST_FILE = WiseCar/Info.plist;
				LD_RUNPATH_SEARCH_PATHS = "$(inherited) @executable_path/Frameworks";
				PRODUCT_BUNDLE_IDENTIFIER = IC.WiseCar;
				PRODUCT_NAME = "$(TARGET_NAME)";
			};
			name = Release;
		};
		9B0EA9921CCF45BF00EAFFCD /* Debug */ = {
			isa = XCBuildConfiguration;
			buildSettings = {
				INFOPLIST_FILE = WiseCarUITests/Info.plist;
				LD_RUNPATH_SEARCH_PATHS = "$(inherited) @executable_path/Frameworks @loader_path/Frameworks";
				PRODUCT_BUNDLE_IDENTIFIER = IC.WiseCarUITests;
				PRODUCT_NAME = "$(TARGET_NAME)";
				TEST_TARGET_NAME = WiseCar;
				USES_XCTRUNNER = YES;
			};
			name = Debug;
		};
		9B0EA9931CCF45BF00EAFFCD /* Release */ = {
			isa = XCBuildConfiguration;
			buildSettings = {
				INFOPLIST_FILE = WiseCarUITests/Info.plist;
				LD_RUNPATH_SEARCH_PATHS = "$(inherited) @executable_path/Frameworks @loader_path/Frameworks";
				PRODUCT_BUNDLE_IDENTIFIER = IC.WiseCarUITests;
				PRODUCT_NAME = "$(TARGET_NAME)";
				TEST_TARGET_NAME = WiseCar;
				USES_XCTRUNNER = YES;
			};
			name = Release;
		};
/* End XCBuildConfiguration section */

/* Begin XCConfigurationList section */
		9B0EA9671CCF45BF00EAFFCD /* Build configuration list for PBXProject "WiseCar" */ = {
			isa = XCConfigurationList;
			buildConfigurations = (
				9B0EA98C1CCF45BF00EAFFCD /* Debug */,
				9B0EA98D1CCF45BF00EAFFCD /* Release */,
			);
			defaultConfigurationIsVisible = 0;
			defaultConfigurationName = Release;
		};
		9B0EA98E1CCF45BF00EAFFCD /* Build configuration list for PBXNativeTarget "WiseCar" */ = {
			isa = XCConfigurationList;
			buildConfigurations = (
				9B0EA98F1CCF45BF00EAFFCD /* Debug */,
				9B0EA9901CCF45BF00EAFFCD /* Release */,
			);
			defaultConfigurationIsVisible = 0;
			defaultConfigurationName = Release;
		};
		9B0EA9911CCF45BF00EAFFCD /* Build configuration list for PBXNativeTarget "WiseCarUITests" */ = {
			isa = XCConfigurationList;
			buildConfigurations = (
				9B0EA9921CCF45BF00EAFFCD /* Debug */,
				9B0EA9931CCF45BF00EAFFCD /* Release */,
			);
			defaultConfigurationIsVisible = 0;
			defaultConfigurationName = Release;
		};
/* End XCConfigurationList section */
	};
	rootObject = 9B0EA9641CCF45BF00EAFFCD /* Project object */;
}
